// !$*UTF8*$!
{
	archiveVersion = 1;
	classes = {
	};
	objectVersion = 48;
	objects = {

/* Begin PBXBuildFile section */
		3A0B35641FD6E5A400B8B522 /* AppDelegate.swift in Sources */ = {isa = PBXBuildFile; fileRef = 3A0B35631FD6E5A400B8B522 /* AppDelegate.swift */; };
		3A0B35661FD6E5A400B8B522 /* ViewController.swift in Sources */ = {isa = PBXBuildFile; fileRef = 3A0B35651FD6E5A400B8B522 /* ViewController.swift */; };
		3A0B35691FD6E5A400B8B522 /* Main.storyboard in Resources */ = {isa = PBXBuildFile; fileRef = 3A0B35671FD6E5A400B8B522 /* Main.storyboard */; };
		3A0B356B1FD6E5A400B8B522 /* Assets.xcassets in Resources */ = {isa = PBXBuildFile; fileRef = 3A0B356A1FD6E5A400B8B522 /* Assets.xcassets */; };
		3A0B356E1FD6E5A400B8B522 /* LaunchScreen.storyboard in Resources */ = {isa = PBXBuildFile; fileRef = 3A0B356C1FD6E5A400B8B522 /* LaunchScreen.storyboard */; };
		3ACBB4931FD83AF100480C3C /* GoogleService-Info.plist in Resources */ = {isa = PBXBuildFile; fileRef = 3ACBB4921FD83AF100480C3C /* GoogleService-Info.plist */; };
		FD461EC7B2BDA75EC98BCCD7 /* Pods_OfficialLibraryApp.framework in Frameworks */ = {isa = PBXBuildFile; fileRef = 9527149E5302633B53442830 /* Pods_OfficialLibraryApp.framework */; };
/* End PBXBuildFile section */

/* Begin PBXFileReference section */
		3A0B35601FD6E5A400B8B522 /* OfficialLibraryApp.app */ = {isa = PBXFileReference; explicitFileType = wrapper.application; includeInIndex = 0; path = OfficialLibraryApp.app; sourceTree = BUILT_PRODUCTS_DIR; };
		3A0B35631FD6E5A400B8B522 /* AppDelegate.swift */ = {isa = PBXFileReference; lastKnownFileType = sourcecode.swift; path = AppDelegate.swift; sourceTree = "<group>"; };
		3A0B35651FD6E5A400B8B522 /* ViewController.swift */ = {isa = PBXFileReference; lastKnownFileType = sourcecode.swift; path = ViewController.swift; sourceTree = "<group>"; };
		3A0B35681FD6E5A400B8B522 /* Base */ = {isa = PBXFileReference; lastKnownFileType = file.storyboard; name = Base; path = Base.lproj/Main.storyboard; sourceTree = "<group>"; };
		3A0B356A1FD6E5A400B8B522 /* Assets.xcassets */ = {isa = PBXFileReference; lastKnownFileType = folder.assetcatalog; path = Assets.xcassets; sourceTree = "<group>"; };
		3A0B356D1FD6E5A400B8B522 /* Base */ = {isa = PBXFileReference; lastKnownFileType = file.storyboard; name = Base; path = Base.lproj/LaunchScreen.storyboard; sourceTree = "<group>"; };
		3A0B356F1FD6E5A400B8B522 /* Info.plist */ = {isa = PBXFileReference; lastKnownFileType = text.plist.xml; path = Info.plist; sourceTree = "<group>"; };
		3ACBB4921FD83AF100480C3C /* GoogleService-Info.plist */ = {isa = PBXFileReference; fileEncoding = 4; lastKnownFileType = text.plist.xml; path = "GoogleService-Info.plist"; sourceTree = "<group>"; };
		486BE68998418C620D000EC1 /* Pods-OfficialLibraryApp.release.xcconfig */ = {isa = PBXFileReference; includeInIndex = 1; lastKnownFileType = text.xcconfig; name = "Pods-OfficialLibraryApp.release.xcconfig"; path = "Pods/Target Support Files/Pods-OfficialLibraryApp/Pods-OfficialLibraryApp.release.xcconfig"; sourceTree = "<group>"; };
		9527149E5302633B53442830 /* Pods_OfficialLibraryApp.framework */ = {isa = PBXFileReference; explicitFileType = wrapper.framework; includeInIndex = 0; path = Pods_OfficialLibraryApp.framework; sourceTree = BUILT_PRODUCTS_DIR; };
		BA12FBA1638A80C7E5B328C9 /* Pods-OfficialLibraryApp.debug.xcconfig */ = {isa = PBXFileReference; includeInIndex = 1; lastKnownFileType = text.xcconfig; name = "Pods-OfficialLibraryApp.debug.xcconfig"; path = "Pods/Target Support Files/Pods-OfficialLibraryApp/Pods-OfficialLibraryApp.debug.xcconfig"; sourceTree = "<group>"; };
/* End PBXFileReference section */

/* Begin PBXFrameworksBuildPhase section */
		3A0B355D1FD6E5A400B8B522 /* Frameworks */ = {
			isa = PBXFrameworksBuildPhase;
			buildActionMask = 2147483647;
			files = (
				FD461EC7B2BDA75EC98BCCD7 /* Pods_OfficialLibraryApp.framework in Frameworks */,
			);
			runOnlyForDeploymentPostprocessing = 0;
		};
/* End PBXFrameworksBuildPhase section */

/* Begin PBXGroup section */
		21A6205D1A783E3DD92B7BFB /* Pods */ = {
			isa = PBXGroup;
			children = (
				BA12FBA1638A80C7E5B328C9 /* Pods-OfficialLibraryApp.debug.xcconfig */,
				486BE68998418C620D000EC1 /* Pods-OfficialLibraryApp.release.xcconfig */,
			);
			name = Pods;
			sourceTree = "<group>";
		};
		3A0B35571FD6E5A400B8B522 = {
			isa = PBXGroup;
			children = (
				3A0B35621FD6E5A400B8B522 /* OfficialLibraryApp */,
				3A0B35611FD6E5A400B8B522 /* Products */,
				21A6205D1A783E3DD92B7BFB /* Pods */,
				7B51E5F0B360B339E1DEB102 /* Frameworks */,
			);
			sourceTree = "<group>";
		};
		3A0B35611FD6E5A400B8B522 /* Products */ = {
			isa = PBXGroup;
			children = (
				3A0B35601FD6E5A400B8B522 /* OfficialLibraryApp.app */,
			);
			name = Products;
			sourceTree = "<group>";
		};
		3A0B35621FD6E5A400B8B522 /* OfficialLibraryApp */ = {
			isa = PBXGroup;
			children = (
				3A0B35631FD6E5A400B8B522 /* AppDelegate.swift */,
				3A0B35651FD6E5A400B8B522 /* ViewController.swift */,
				3A0B35671FD6E5A400B8B522 /* Main.storyboard */,
				3ACBB4921FD83AF100480C3C /* GoogleService-Info.plist */,
				3A0B356A1FD6E5A400B8B522 /* Assets.xcassets */,
				3A0B356C1FD6E5A400B8B522 /* LaunchScreen.storyboard */,
				3A0B356F1FD6E5A400B8B522 /* Info.plist */,
			);
			path = OfficialLibraryApp;
			sourceTree = "<group>";
		};
		7B51E5F0B360B339E1DEB102 /* Frameworks */ = {
			isa = PBXGroup;
			children = (
				9527149E5302633B53442830 /* Pods_OfficialLibraryApp.framework */,
			);
			name = Frameworks;
			sourceTree = "<group>";
		};
/* End PBXGroup section */

/* Begin PBXNativeTarget section */
		3A0B355F1FD6E5A400B8B522 /* OfficialLibraryApp */ = {
			isa = PBXNativeTarget;
			buildConfigurationList = 3A0B35721FD6E5A400B8B522 /* Build configuration list for PBXNativeTarget "OfficialLibraryApp" */;
			buildPhases = (
				632E32AF7073A45089971431 /* [CP] Check Pods Manifest.lock */,
				3A0B355C1FD6E5A400B8B522 /* Sources */,
				3A0B355D1FD6E5A400B8B522 /* Frameworks */,
				3A0B355E1FD6E5A400B8B522 /* Resources */,
				5DF63538C2F99FE3E0CA60A9 /* [CP] Embed Pods Frameworks */,
				A57B092C139669CFD3CC76EA /* [CP] Copy Pods Resources */,
			);
			buildRules = (
			);
			dependencies = (
			);
			name = OfficialLibraryApp;
			productName = OfficialLibraryApp;
			productReference = 3A0B35601FD6E5A400B8B522 /* OfficialLibraryApp.app */;
			productType = "com.apple.product-type.application";
		};
/* End PBXNativeTarget section */

/* Begin PBXProject section */
		3A0B35581FD6E5A400B8B522 /* Project object */ = {
			isa = PBXProject;
			attributes = {
				LastSwiftUpdateCheck = 0910;
				LastUpgradeCheck = 0910;
				ORGANIZATIONNAME = "Karolina Groszewska";
				TargetAttributes = {
					3A0B355F1FD6E5A400B8B522 = {
						CreatedOnToolsVersion = 9.1;
						ProvisioningStyle = Automatic;
					};
				};
			};
			buildConfigurationList = 3A0B355B1FD6E5A400B8B522 /* Build configuration list for PBXProject "OfficialLibraryApp" */;
			compatibilityVersion = "Xcode 8.0";
			developmentRegion = en;
			hasScannedForEncodings = 0;
			knownRegions = (
				en,
				Base,
			);
			mainGroup = 3A0B35571FD6E5A400B8B522;
			productRefGroup = 3A0B35611FD6E5A400B8B522 /* Products */;
			projectDirPath = "";
			projectRoot = "";
			targets = (
				3A0B355F1FD6E5A400B8B522 /* OfficialLibraryApp */,
			);
		};
/* End PBXProject section */

/* Begin PBXResourcesBuildPhase section */
		3A0B355E1FD6E5A400B8B522 /* Resources */ = {
			isa = PBXResourcesBuildPhase;
			buildActionMask = 2147483647;
			files = (
				3A0B356E1FD6E5A400B8B522 /* LaunchScreen.storyboard in Resources */,
				3ACBB4931FD83AF100480C3C /* GoogleService-Info.plist in Resources */,
				3A0B356B1FD6E5A400B8B522 /* Assets.xcassets in Resources */,
				3A0B35691FD6E5A400B8B522 /* Main.storyboard in Resources */,
			);
			runOnlyForDeploymentPostprocessing = 0;
		};
/* End PBXResourcesBuildPhase section */

/* Begin PBXShellScriptBuildPhase section */
		5DF63538C2F99FE3E0CA60A9 /* [CP] Embed Pods Frameworks */ = {
			isa = PBXShellScriptBuildPhase;
			buildActionMask = 2147483647;
			files = (
			);
			inputPaths = (
				"${SRCROOT}/Pods/Target Support Files/Pods-OfficialLibraryApp/Pods-OfficialLibraryApp-frameworks.sh",
				"${BUILT_PRODUCTS_DIR}/Alamofire/Alamofire.framework",
				"${BUILT_PRODUCTS_DIR}/BoringSSL/openssl.framework",
				"${BUILT_PRODUCTS_DIR}/GTMSessionFetcher/GTMSessionFetcher.framework",
				"${BUILT_PRODUCTS_DIR}/GoogleToolboxForMac/GoogleToolboxForMac.framework",
				"${BUILT_PRODUCTS_DIR}/Protobuf/Protobuf.framework",
				"${BUILT_PRODUCTS_DIR}/gRPC/GRPCClient.framework",
				"${BUILT_PRODUCTS_DIR}/gRPC-Core/grpc.framework",
				"${BUILT_PRODUCTS_DIR}/gRPC-ProtoRPC/ProtoRPC.framework",
				"${BUILT_PRODUCTS_DIR}/gRPC-RxLibrary/RxLibrary.framework",
				"${BUILT_PRODUCTS_DIR}/leveldb-library/leveldb.framework",
				"${BUILT_PRODUCTS_DIR}/nanopb/nanopb.framework",
			);
			name = "[CP] Embed Pods Frameworks";
			outputPaths = (
				"${TARGET_BUILD_DIR}/${FRAMEWORKS_FOLDER_PATH}/Alamofire.framework",
				"${TARGET_BUILD_DIR}/${FRAMEWORKS_FOLDER_PATH}/openssl.framework",
				"${TARGET_BUILD_DIR}/${FRAMEWORKS_FOLDER_PATH}/GTMSessionFetcher.framework",
				"${TARGET_BUILD_DIR}/${FRAMEWORKS_FOLDER_PATH}/GoogleToolboxForMac.framework",
				"${TARGET_BUILD_DIR}/${FRAMEWORKS_FOLDER_PATH}/Protobuf.framework",
				"${TARGET_BUILD_DIR}/${FRAMEWORKS_FOLDER_PATH}/GRPCClient.framework",
				"${TARGET_BUILD_DIR}/${FRAMEWORKS_FOLDER_PATH}/grpc.framework",
				"${TARGET_BUILD_DIR}/${FRAMEWORKS_FOLDER_PATH}/ProtoRPC.framework",
				"${TARGET_BUILD_DIR}/${FRAMEWORKS_FOLDER_PATH}/RxLibrary.framework",
				"${TARGET_BUILD_DIR}/${FRAMEWORKS_FOLDER_PATH}/leveldb.framework",
				"${TARGET_BUILD_DIR}/${FRAMEWORKS_FOLDER_PATH}/nanopb.framework",
			);
			runOnlyForDeploymentPostprocessing = 0;
			shellPath = /bin/sh;
			shellScript = "\"${SRCROOT}/Pods/Target Support Files/Pods-OfficialLibraryApp/Pods-OfficialLibraryApp-frameworks.sh\"\n";
			showEnvVarsInLog = 0;
		};
		632E32AF7073A45089971431 /* [CP] Check Pods Manifest.lock */ = {
			isa = PBXShellScriptBuildPhase;
			buildActionMask = 2147483647;
			files = (
			);
			inputPaths = (
				"${PODS_PODFILE_DIR_PATH}/Podfile.lock",
				"${PODS_ROOT}/Manifest.lock",
			);
			name = "[CP] Check Pods Manifest.lock";
			outputPaths = (
				"$(DERIVED_FILE_DIR)/Pods-OfficialLibraryApp-checkManifestLockResult.txt",
			);
			runOnlyForDeploymentPostprocessing = 0;
			shellPath = /bin/sh;
			shellScript = "diff \"${PODS_PODFILE_DIR_PATH}/Podfile.lock\" \"${PODS_ROOT}/Manifest.lock\" > /dev/null\nif [ $? != 0 ] ; then\n    # print error to STDERR\n    echo \"error: The sandbox is not in sync with the Podfile.lock. Run 'pod install' or update your CocoaPods installation.\" >&2\n    exit 1\nfi\n# This output is used by Xcode 'outputs' to avoid re-running this script phase.\necho \"SUCCESS\" > \"${SCRIPT_OUTPUT_FILE_0}\"\n";
			showEnvVarsInLog = 0;
		};
		A57B092C139669CFD3CC76EA /* [CP] Copy Pods Resources */ = {
			isa = PBXShellScriptBuildPhase;
			buildActionMask = 2147483647;
			files = (
			);
			inputPaths = (
			);
			name = "[CP] Copy Pods Resources";
			outputPaths = (
			);
			runOnlyForDeploymentPostprocessing = 0;
			shellPath = /bin/sh;
			shellScript = "\"${SRCROOT}/Pods/Target Support Files/Pods-OfficialLibraryApp/Pods-OfficialLibraryApp-resources.sh\"\n";
			showEnvVarsInLog = 0;
		};
/* End PBXShellScriptBuildPhase section */

/* Begin PBXSourcesBuildPhase section */
		3A0B355C1FD6E5A400B8B522 /* Sources */ = {
			isa = PBXSourcesBuildPhase;
			buildActionMask = 2147483647;
			files = (
				3A0B35661FD6E5A400B8B522 /* ViewController.swift in Sources */,
				3A0B35641FD6E5A400B8B522 /* AppDelegate.swift in Sources */,
			);
			runOnlyForDeploymentPostprocessing = 0;
		};
/* End PBXSourcesBuildPhase section */

/* Begin PBXVariantGroup section */
		3A0B35671FD6E5A400B8B522 /* Main.storyboard */ = {
			isa = PBXVariantGroup;
			children = (
				3A0B35681FD6E5A400B8B522 /* Base */,
			);
			name = Main.storyboard;
			sourceTree = "<group>";
		};
		3A0B356C1FD6E5A400B8B522 /* LaunchScreen.storyboard */ = {
			isa = PBXVariantGroup;
			children = (
				3A0B356D1FD6E5A400B8B522 /* Base */,
			);
			name = LaunchScreen.storyboard;
			sourceTree = "<group>";
		};
/* End PBXVariantGroup section */

/* Begin XCBuildConfiguration section */
		3A0B35701FD6E5A400B8B522 /* Debug */ = {
			isa = XCBuildConfiguration;
			buildSettings = {
				ALWAYS_SEARCH_USER_PATHS = NO;
				CLANG_ANALYZER_NONNULL = YES;
				CLANG_ANALYZER_NUMBER_OBJECT_CONVERSION = YES_AGGRESSIVE;
				CLANG_CXX_LANGUAGE_STANDARD = "gnu++14";
				CLANG_CXX_LIBRARY = "libc++";
				CLANG_ENABLE_MODULES = YES;
				CLANG_ENABLE_OBJC_ARC = YES;
				CLANG_WARN_BLOCK_CAPTURE_AUTORELEASING = YES;
				CLANG_WARN_BOOL_CONVERSION = YES;
				CLANG_WARN_COMMA = YES;
				CLANG_WARN_CONSTANT_CONVERSION = YES;
				CLANG_WARN_DIRECT_OBJC_ISA_USAGE = YES_ERROR;
				CLANG_WARN_DOCUMENTATION_COMMENTS = YES;
				CLANG_WARN_EMPTY_BODY = YES;
				CLANG_WARN_ENUM_CONVERSION = YES;
				CLANG_WARN_INFINITE_RECURSION = YES;
				CLANG_WARN_INT_CONVERSION = YES;
				CLANG_WARN_NON_LITERAL_NULL_CONVERSION = YES;
				CLANG_WARN_OBJC_LITERAL_CONVERSION = YES;
				CLANG_WARN_OBJC_ROOT_CLASS = YES_ERROR;
				CLANG_WARN_RANGE_LOOP_ANALYSIS = YES;
				CLANG_WARN_STRICT_PROTOTYPES = YES;
				CLANG_WARN_SUSPICIOUS_MOVE = YES;
				CLANG_WARN_UNGUARDED_AVAILABILITY = YES_AGGRESSIVE;
				CLANG_WARN_UNREACHABLE_CODE = YES;
				CLANG_WARN__DUPLICATE_METHOD_MATCH = YES;
				CODE_SIGN_IDENTITY = "iPhone Developer";
				COPY_PHASE_STRIP = NO;
				DEBUG_INFORMATION_FORMAT = dwarf;
				ENABLE_STRICT_OBJC_MSGSEND = YES;
				ENABLE_TESTABILITY = YES;
				GCC_C_LANGUAGE_STANDARD = gnu11;
				GCC_DYNAMIC_NO_PIC = NO;
				GCC_NO_COMMON_BLOCKS = YES;
				GCC_OPTIMIZATION_LEVEL = 0;
				GCC_PREPROCESSOR_DEFINITIONS = (
					"DEBUG=1",
					"$(inherited)",
				);
				GCC_WARN_64_TO_32_BIT_CONVERSION = YES;
				GCC_WARN_ABOUT_RETURN_TYPE = YES_ERROR;
				GCC_WARN_UNDECLARED_SELECTOR = YES;
				GCC_WARN_UNINITIALIZED_AUTOS = YES_AGGRESSIVE;
				GCC_WARN_UNUSED_FUNCTION = YES;
				GCC_WARN_UNUSED_VARIABLE = YES;
				IPHONEOS_DEPLOYMENT_TARGET = 11.1;
				MTL_ENABLE_DEBUG_INFO = YES;
				ONLY_ACTIVE_ARCH = YES;
				SDKROOT = iphoneos;
				SWIFT_ACTIVE_COMPILATION_CONDITIONS = DEBUG;
				SWIFT_OPTIMIZATION_LEVEL = "-Onone";
			};
			name = Debug;
		};
		3A0B35711FD6E5A400B8B522 /* Release */ = {
			isa = XCBuildConfiguration;
			buildSettings = {
				ALWAYS_SEARCH_USER_PATHS = NO;
				CLANG_ANALYZER_NONNULL = YES;
				CLANG_ANALYZER_NUMBER_OBJECT_CONVERSION = YES_AGGRESSIVE;
				CLANG_CXX_LANGUAGE_STANDARD = "gnu++14";
				CLANG_CXX_LIBRARY = "libc++";
				CLANG_ENABLE_MODULES = YES;
				CLANG_ENABLE_OBJC_ARC = YES;
				CLANG_WARN_BLOCK_CAPTURE_AUTORELEASING = YES;
				CLANG_WARN_BOOL_CONVERSION = YES;
				CLANG_WARN_COMMA = YES;
				CLANG_WARN_CONSTANT_CONVERSION = YES;
				CLANG_WARN_DIRECT_OBJC_ISA_USAGE = YES_ERROR;
				CLANG_WARN_DOCUMENTATION_COMMENTS = YES;
				CLANG_WARN_EMPTY_BODY = YES;
				CLANG_WARN_ENUM_CONVERSION = YES;
				CLANG_WARN_INFINITE_RECURSION = YES;
				CLANG_WARN_INT_CONVERSION = YES;
				CLANG_WARN_NON_LITERAL_NULL_CONVERSION = YES;
				CLANG_WARN_OBJC_LITERAL_CONVERSION = YES;
				CLANG_WARN_OBJC_ROOT_CLASS = YES_ERROR;
				CLANG_WARN_RANGE_LOOP_ANALYSIS = YES;
				CLANG_WARN_STRICT_PROTOTYPES = YES;
				CLANG_WARN_SUSPICIOUS_MOVE = YES;
				CLANG_WARN_UNGUARDED_AVAILABILITY = YES_AGGRESSIVE;
				CLANG_WARN_UNREACHABLE_CODE = YES;
				CLANG_WARN__DUPLICATE_METHOD_MATCH = YES;
				CODE_SIGN_IDENTITY = "iPhone Developer";
				COPY_PHASE_STRIP = NO;
				DEBUG_INFORMATION_FORMAT = "dwarf-with-dsym";
				ENABLE_NS_ASSERTIONS = NO;
				ENABLE_STRICT_OBJC_MSGSEND = YES;
				GCC_C_LANGUAGE_STANDARD = gnu11;
				GCC_NO_COMMON_BLOCKS = YES;
				GCC_WARN_64_TO_32_BIT_CONVERSION = YES;
				GCC_WARN_ABOUT_RETURN_TYPE = YES_ERROR;
				GCC_WARN_UNDECLARED_SELECTOR = YES;
				GCC_WARN_UNINITIALIZED_AUTOS = YES_AGGRESSIVE;
				GCC_WARN_UNUSED_FUNCTION = YES;
				GCC_WARN_UNUSED_VARIABLE = YES;
				IPHONEOS_DEPLOYMENT_TARGET = 11.1;
				MTL_ENABLE_DEBUG_INFO = NO;
				SDKROOT = iphoneos;
				SWIFT_OPTIMIZATION_LEVEL = "-Owholemodule";
				VALIDATE_PRODUCT = YES;
			};
			name = Release;
		};
		3A0B35731FD6E5A400B8B522 /* Debug */ = {
			isa = XCBuildConfiguration;
			baseConfigurationReference = BA12FBA1638A80C7E5B328C9 /* Pods-OfficialLibraryApp.debug.xcconfig */;
			buildSettings = {
				ASSETCATALOG_COMPILER_APPICON_NAME = AppIcon;
				CODE_SIGN_STYLE = Automatic;
				DEVELOPMENT_TEAM = BWYT76Q3DS;
				INFOPLIST_FILE = OfficialLibraryApp/Info.plist;
				LD_RUNPATH_SEARCH_PATHS = "$(inherited) @executable_path/Frameworks";
				PRODUCT_BUNDLE_IDENTIFIER = org.jhhs.620121.OfficialLibraryApp;
				PRODUCT_NAME = "$(TARGET_NAME)";
				SWIFT_VERSION = 4.0;
				TARGETED_DEVICE_FAMILY = "1,2";
			};
			name = Debug;
		};
		3A0B35741FD6E5A400B8B522 /* Release */ = {
			isa = XCBuildConfiguration;
			baseConfigurationReference = 486BE68998418C620D000EC1 /* Pods-OfficialLibraryApp.release.xcconfig */;
			buildSettings = {
				ASSETCATALOG_COMPILER_APPICON_NAME = AppIcon;
				CODE_SIGN_STYLE = Automatic;
				DEVELOPMENT_TEAM = BWYT76Q3DS;
				INFOPLIST_FILE = OfficialLibraryApp/Info.plist;
				LD_RUNPATH_SEARCH_PATHS = "$(inherited) @executable_path/Frameworks";
				PRODUCT_BUNDLE_IDENTIFIER = org.jhhs.620121.OfficialLibraryApp;
				PRODUCT_NAME = "$(TARGET_NAME)";
				SWIFT_VERSION = 4.0;
				TARGETED_DEVICE_FAMILY = "1,2";
			};
			name = Release;
		};
/* End XCBuildConfiguration section */

/* Begin XCConfigurationList section */
		3A0B355B1FD6E5A400B8B522 /* Build configuration list for PBXProject "OfficialLibraryApp" */ = {
			isa = XCConfigurationList;
			buildConfigurations = (
				3A0B35701FD6E5A400B8B522 /* Debug */,
				3A0B35711FD6E5A400B8B522 /* Release */,
			);
			defaultConfigurationIsVisible = 0;
			defaultConfigurationName = Release;
		};
		3A0B35721FD6E5A400B8B522 /* Build configuration list for PBXNativeTarget "OfficialLibraryApp" */ = {
			isa = XCConfigurationList;
			buildConfigurations = (
				3A0B35731FD6E5A400B8B522 /* Debug */,
				3A0B35741FD6E5A400B8B522 /* Release */,
			);
			defaultConfigurationIsVisible = 0;
			defaultConfigurationName = Release;
		};
/* End XCConfigurationList section */
	};
	rootObject = 3A0B35581FD6E5A400B8B522 /* Project object */;
}
